
Microsoft Visual Studio Solution File, Format Version 12.00
# Visual Studio Version 17
VisualStudioVersion = 17.6.33829.357
MinimumVisualStudioVersion = 10.0.40219.1
Project("{FAE04EC0-301F-11D3-BF4B-00C04F79EFBC}") = "FDM.Extensions.Configuration.ProtectedJson", "FDM.Extensions.Configuration.ProtectedJson\FDM.Extensions.Configuration.ProtectedJson.csproj", "{DF3EFBDF-A1AD-4B35-817A-E9B035C09D9B}"
EndProject
Project("{FAE04EC0-301F-11D3-BF4B-00C04F79EFBC}") = "FDM.Extensions.Configuration.ProtectedJson.ConsoleTest", "FDM.Extensions.Configuration.ProtectedJson.ConsoleTest\FDM.Extensions.Configuration.ProtectedJson.ConsoleTest.csproj", "{96713DB5-7C70-49FC-9736-903478C2D7C4}"
EndProject
Global
	GlobalSection(SolutionConfigurationPlatforms) = preSolution
		Debug|Any CPU = Debug|Any CPU
		Release|Any CPU = Release|Any CPU
	EndGlobalSection
	GlobalSection(ProjectConfigurationPlatforms) = postSolution
		{DF3EFBDF-A1AD-4B35-817A-E9B035C09D9B}.Debug|Any CPU.ActiveCfg = Debug|Any CPU
		{DF3EFBDF-A1AD-4B35-817A-E9B035C09D9B}.Debug|Any CPU.Build.0 = Debug|Any CPU
		{DF3EFBDF-A1AD-4B35-817A-E9B035C09D9B}.Release|Any CPU.ActiveCfg = Release|Any CPU
		{DF3EFBDF-A1AD-4B35-817A-E9B035C09D9B}.Release|Any CPU.Build.0 = Release|Any CPU
		{96713DB5-7C70-49FC-9736-903478C2D7C4}.Debug|Any CPU.ActiveCfg = Debug|Any CPU
		{96713DB5-7C70-49FC-9736-903478C2D7C4}.Debug|Any CPU.Build.0 = Debug|Any CPU
		{96713DB5-7C70-49FC-9736-903478C2D7C4}.Release|Any CPU.ActiveCfg = Release|Any CPU
		{96713DB5-7C70-49FC-9736-903478C2D7C4}.Release|Any CPU.Build.0 = Release|Any CPU
	EndGlobalSection
	GlobalSection(SolutionProperties) = preSolution
		HideSolutionNode = FALSE
	EndGlobalSection
	GlobalSection(ExtensibilityGlobals) = postSolution
		SolutionGuid = {806820EF-822C-4677-8F9B-97A8868DE166}
	EndGlobalSection
EndGlobal
